
Microsoft Visual Studio Solution File, Format Version 12.00
# Visual Studio Version 17
VisualStudioVersion = 17.9.34414.138
MinimumVisualStudioVersion = 10.0.40219.1
Project("{FAE04EC0-301F-11D3-BF4B-00C04F79EFBC}") = "WebApplication2", "WebApplication2\WebApplication2.csproj", "{ADC91989-9C93-4DB6-BB67-E39B1718BAC4}"
EndProject
Global
	GlobalSection(SolutionConfigurationPlatforms) = preSolution
		Debug|Any CPU = Debug|Any CPU
		Release|Any CPU = Release|Any CPU
	EndGlobalSection
	GlobalSection(ProjectConfigurationPlatforms) = postSolution
		{ADC91989-9C93-4DB6-BB67-E39B1718BAC4}.Debug|Any CPU.ActiveCfg = Debug|Any CPU
		{ADC91989-9C93-4DB6-BB67-E39B1718BAC4}.Debug|Any CPU.Build.0 = Debug|Any CPU
		{ADC91989-9C93-4DB6-BB67-E39B1718BAC4}.Release|Any CPU.ActiveCfg = Release|Any CPU
		{ADC91989-9C93-4DB6-BB67-E39B1718BAC4}.Release|Any CPU.Build.0 = Release|Any CPU
	EndGlobalSection
	GlobalSection(SolutionProperties) = preSolution
		HideSolutionNode = FALSE
	EndGlobalSection
	GlobalSection(ExtensibilityGlobals) = postSolution
		SolutionGuid = {CB3E65A0-A04B-4DE1-BE4C-B2996B9ADD03}
	EndGlobalSection
EndGlobal
